// !$*UTF8*$!
{
	archiveVersion = 1;
	classes = {
	};
	objectVersion = 55;
	objects = {

/* Begin PBXBuildFile section */
		612FA78728D7D1B50086A426 /* NetworkingProvider.swift in Sources */ = {isa = PBXBuildFile; fileRef = 612FA78628D7D1B50086A426 /* NetworkingProvider.swift */; };
		612FA78A28D7D2050086A426 /* MovieViewModel.swift in Sources */ = {isa = PBXBuildFile; fileRef = 612FA78928D7D2050086A426 /* MovieViewModel.swift */; };
		612FA79C28D7D8840086A426 /* MovieTableViewCell.swift in Sources */ = {isa = PBXBuildFile; fileRef = 612FA79A28D7D8840086A426 /* MovieTableViewCell.swift */; };
		612FA79D28D7D8840086A426 /* MovieTableViewCell.xib in Resources */ = {isa = PBXBuildFile; fileRef = 612FA79B28D7D8840086A426 /* MovieTableViewCell.xib */; };
		612FA7A028D7D9CC0086A426 /* DetailViewController.swift in Sources */ = {isa = PBXBuildFile; fileRef = 612FA79E28D7D9CC0086A426 /* DetailViewController.swift */; };
		612FA7A128D7D9CC0086A426 /* DetailViewController.xib in Resources */ = {isa = PBXBuildFile; fileRef = 612FA79F28D7D9CC0086A426 /* DetailViewController.xib */; };
		612FA7A428D7DAF70086A426 /* MainViewController.swift in Sources */ = {isa = PBXBuildFile; fileRef = 612FA7A228D7DAF70086A426 /* MainViewController.swift */; };
		612FA7A528D7DAF70086A426 /* MainViewController.xib in Resources */ = {isa = PBXBuildFile; fileRef = 612FA7A328D7DAF70086A426 /* MainViewController.xib */; };
		612FA7A828D7E3A60086A426 /* MoviesViewController.swift in Sources */ = {isa = PBXBuildFile; fileRef = 612FA7A628D7E3A60086A426 /* MoviesViewController.swift */; };
		612FA7A928D7E3A60086A426 /* MoviesViewController.xib in Resources */ = {isa = PBXBuildFile; fileRef = 612FA7A728D7E3A60086A426 /* MoviesViewController.xib */; };
		616418D928B6DAE900C8CCAA /* MoviesModel.swift in Sources */ = {isa = PBXBuildFile; fileRef = 616418D828B6DAE900C8CCAA /* MoviesModel.swift */; };
		6171FAC128B6C672009EAD1C /* AppDelegate.swift in Sources */ = {isa = PBXBuildFile; fileRef = 6171FAC028B6C672009EAD1C /* AppDelegate.swift */; };
		6171FAC328B6C672009EAD1C /* SceneDelegate.swift in Sources */ = {isa = PBXBuildFile; fileRef = 6171FAC228B6C672009EAD1C /* SceneDelegate.swift */; };
		6171FAC528B6C672009EAD1C /* ViewController.swift in Sources */ = {isa = PBXBuildFile; fileRef = 6171FAC428B6C672009EAD1C /* ViewController.swift */; };
		6171FACA28B6C67B009EAD1C /* Assets.xcassets in Resources */ = {isa = PBXBuildFile; fileRef = 6171FAC928B6C67B009EAD1C /* Assets.xcassets */; };
		6171FACD28B6C67B009EAD1C /* LaunchScreen.storyboard in Resources */ = {isa = PBXBuildFile; fileRef = 6171FACB28B6C67B009EAD1C /* LaunchScreen.storyboard */; };
		C2601F19A4C9FBE751BA4ECE /* Pods_Net.framework in Frameworks */ = {isa = PBXBuildFile; fileRef = A8E2331747FE00AF6C5C9498 /* Pods_Net.framework */; };
/* End PBXBuildFile section */

/* Begin PBXFileReference section */
		612FA78628D7D1B50086A426 /* NetworkingProvider.swift */ = {isa = PBXFileReference; lastKnownFileType = sourcecode.swift; path = NetworkingProvider.swift; sourceTree = "<group>"; };
		612FA78928D7D2050086A426 /* MovieViewModel.swift */ = {isa = PBXFileReference; lastKnownFileType = sourcecode.swift; path = MovieViewModel.swift; sourceTree = "<group>"; };
		612FA79A28D7D8840086A426 /* MovieTableViewCell.swift */ = {isa = PBXFileReference; lastKnownFileType = sourcecode.swift; path = MovieTableViewCell.swift; sourceTree = "<group>"; };
		612FA79B28D7D8840086A426 /* MovieTableViewCell.xib */ = {isa = PBXFileReference; lastKnownFileType = file.xib; path = MovieTableViewCell.xib; sourceTree = "<group>"; };
		612FA79E28D7D9CC0086A426 /* DetailViewController.swift */ = {isa = PBXFileReference; lastKnownFileType = sourcecode.swift; path = DetailViewController.swift; sourceTree = "<group>"; };
		612FA79F28D7D9CC0086A426 /* DetailViewController.xib */ = {isa = PBXFileReference; lastKnownFileType = file.xib; path = DetailViewController.xib; sourceTree = "<group>"; };
		612FA7A228D7DAF70086A426 /* MainViewController.swift */ = {isa = PBXFileReference; lastKnownFileType = sourcecode.swift; path = MainViewController.swift; sourceTree = "<group>"; };
		612FA7A328D7DAF70086A426 /* MainViewController.xib */ = {isa = PBXFileReference; lastKnownFileType = file.xib; path = MainViewController.xib; sourceTree = "<group>"; };
		612FA7A628D7E3A60086A426 /* MoviesViewController.swift */ = {isa = PBXFileReference; lastKnownFileType = sourcecode.swift; path = MoviesViewController.swift; sourceTree = "<group>"; };
		612FA7A728D7E3A60086A426 /* MoviesViewController.xib */ = {isa = PBXFileReference; lastKnownFileType = file.xib; path = MoviesViewController.xib; sourceTree = "<group>"; };
		616418D828B6DAE900C8CCAA /* MoviesModel.swift */ = {isa = PBXFileReference; lastKnownFileType = sourcecode.swift; name = MoviesModel.swift; path = ../MoviesModel.swift; sourceTree = "<group>"; };
		6171FABD28B6C672009EAD1C /* Net.app */ = {isa = PBXFileReference; explicitFileType = wrapper.application; includeInIndex = 0; path = Net.app; sourceTree = BUILT_PRODUCTS_DIR; };
		6171FAC028B6C672009EAD1C /* AppDelegate.swift */ = {isa = PBXFileReference; lastKnownFileType = sourcecode.swift; path = AppDelegate.swift; sourceTree = "<group>"; };
		6171FAC228B6C672009EAD1C /* SceneDelegate.swift */ = {isa = PBXFileReference; lastKnownFileType = sourcecode.swift; path = SceneDelegate.swift; sourceTree = "<group>"; };
		6171FAC428B6C672009EAD1C /* ViewController.swift */ = {isa = PBXFileReference; lastKnownFileType = sourcecode.swift; path = ViewController.swift; sourceTree = "<group>"; };
		6171FAC928B6C67B009EAD1C /* Assets.xcassets */ = {isa = PBXFileReference; lastKnownFileType = folder.assetcatalog; path = Assets.xcassets; sourceTree = "<group>"; };
		6171FACC28B6C67B009EAD1C /* Base */ = {isa = PBXFileReference; lastKnownFileType = file.storyboard; name = Base; path = Base.lproj/LaunchScreen.storyboard; sourceTree = "<group>"; };
		6171FACE28B6C67B009EAD1C /* Info.plist */ = {isa = PBXFileReference; lastKnownFileType = text.plist.xml; path = Info.plist; sourceTree = "<group>"; };
		A8E2331747FE00AF6C5C9498 /* Pods_Net.framework */ = {isa = PBXFileReference; explicitFileType = wrapper.framework; includeInIndex = 0; path = Pods_Net.framework; sourceTree = BUILT_PRODUCTS_DIR; };
		C3121DDF0B9B16026C1A8521 /* Pods-Net.release.xcconfig */ = {isa = PBXFileReference; includeInIndex = 1; lastKnownFileType = text.xcconfig; name = "Pods-Net.release.xcconfig"; path = "Target Support Files/Pods-Net/Pods-Net.release.xcconfig"; sourceTree = "<group>"; };
		C690AF92F982E5D7CABAF1AA /* Pods-Net.debug.xcconfig */ = {isa = PBXFileReference; includeInIndex = 1; lastKnownFileType = text.xcconfig; name = "Pods-Net.debug.xcconfig"; path = "Target Support Files/Pods-Net/Pods-Net.debug.xcconfig"; sourceTree = "<group>"; };
/* End PBXFileReference section */

/* Begin PBXFrameworksBuildPhase section */
		6171FABA28B6C672009EAD1C /* Frameworks */ = {
			isa = PBXFrameworksBuildPhase;
			buildActionMask = 2147483647;
			files = (
				C2601F19A4C9FBE751BA4ECE /* Pods_Net.framework in Frameworks */,
			);
			runOnlyForDeploymentPostprocessing = 0;
		};
/* End PBXFrameworksBuildPhase section */

/* Begin PBXGroup section */
		0D38D67F13E7AFA2541FB1E2 /* Frameworks */ = {
			isa = PBXGroup;
			children = (
				A8E2331747FE00AF6C5C9498 /* Pods_Net.framework */,
			);
			name = Frameworks;
			sourceTree = "<group>";
		};
		612FA77928D7CF670086A426 /* Controllers */ = {
			isa = PBXGroup;
			children = (
				612FA7A228D7DAF70086A426 /* MainViewController.swift */,
				612FA79E28D7D9CC0086A426 /* DetailViewController.swift */,
				612FA79A28D7D8840086A426 /* MovieTableViewCell.swift */,
				612FA7A628D7E3A60086A426 /* MoviesViewController.swift */,
			);
			path = Controllers;
			sourceTree = "<group>";
		};
		612FA78228D7D0DD0086A426 /* Models */ = {
			isa = PBXGroup;
			children = (
				616418D828B6DAE900C8CCAA /* MoviesModel.swift */,
			);
			path = Models;
			sourceTree = "<group>";
		};
		612FA78528D7D19A0086A426 /* Networking */ = {
			isa = PBXGroup;
			children = (
				612FA78628D7D1B50086A426 /* NetworkingProvider.swift */,
			);
			path = Networking;
			sourceTree = "<group>";
		};
		612FA78828D7D1ED0086A426 /* ViewModel */ = {
			isa = PBXGroup;
			children = (
				612FA78928D7D2050086A426 /* MovieViewModel.swift */,
			);
			path = ViewModel;
			sourceTree = "<group>";
		};
		612FA78B28D7D4800086A426 /* Views */ = {
			isa = PBXGroup;
			children = (
				612FA79B28D7D8840086A426 /* MovieTableViewCell.xib */,
				612FA79F28D7D9CC0086A426 /* DetailViewController.xib */,
				612FA7A328D7DAF70086A426 /* MainViewController.xib */,
				612FA7A728D7E3A60086A426 /* MoviesViewController.xib */,
			);
			path = Views;
			sourceTree = "<group>";
		};
		6171FAB428B6C672009EAD1C = {
			isa = PBXGroup;
			children = (
				6171FABF28B6C672009EAD1C /* Net */,
				6171FABE28B6C672009EAD1C /* Products */,
				DFDC3A4843448EBAB55A3C14 /* Pods */,
				0D38D67F13E7AFA2541FB1E2 /* Frameworks */,
			);
			sourceTree = "<group>";
		};
		6171FABE28B6C672009EAD1C /* Products */ = {
			isa = PBXGroup;
			children = (
				6171FABD28B6C672009EAD1C /* Net.app */,
			);
			name = Products;
			sourceTree = "<group>";
		};
		6171FABF28B6C672009EAD1C /* Net */ = {
			isa = PBXGroup;
			children = (
				612FA78B28D7D4800086A426 /* Views */,
				612FA78828D7D1ED0086A426 /* ViewModel */,
				612FA78528D7D19A0086A426 /* Networking */,
				612FA78228D7D0DD0086A426 /* Models */,
				612FA77928D7CF670086A426 /* Controllers */,
				6171FAC028B6C672009EAD1C /* AppDelegate.swift */,
				6171FAC228B6C672009EAD1C /* SceneDelegate.swift */,
				6171FAC428B6C672009EAD1C /* ViewController.swift */,
				6171FAC928B6C67B009EAD1C /* Assets.xcassets */,
				6171FACB28B6C67B009EAD1C /* LaunchScreen.storyboard */,
				6171FACE28B6C67B009EAD1C /* Info.plist */,
			);
			path = Net;
			sourceTree = "<group>";
		};
		DFDC3A4843448EBAB55A3C14 /* Pods */ = {
			isa = PBXGroup;
			children = (
				C690AF92F982E5D7CABAF1AA /* Pods-Net.debug.xcconfig */,
				C3121DDF0B9B16026C1A8521 /* Pods-Net.release.xcconfig */,
			);
			path = Pods;
			sourceTree = "<group>";
		};
/* End PBXGroup section */

/* Begin PBXNativeTarget section */
		6171FABC28B6C672009EAD1C /* Net */ = {
			isa = PBXNativeTarget;
			buildConfigurationList = 6171FAD128B6C67B009EAD1C /* Build configuration list for PBXNativeTarget "Net" */;
			buildPhases = (
				F53562DBCC1179F2A4D68A1E /* [CP] Check Pods Manifest.lock */,
				6171FAB928B6C672009EAD1C /* Sources */,
				6171FABA28B6C672009EAD1C /* Frameworks */,
				6171FABB28B6C672009EAD1C /* Resources */,
				E15186BDDFA4AE9B099830DF /* [CP] Embed Pods Frameworks */,
			);
			buildRules = (
			);
			dependencies = (
			);
			name = Net;
			productName = Net;
			productReference = 6171FABD28B6C672009EAD1C /* Net.app */;
			productType = "com.apple.product-type.application";
		};
/* End PBXNativeTarget section */

/* Begin PBXProject section */
		6171FAB528B6C672009EAD1C /* Project object */ = {
			isa = PBXProject;
			attributes = {
				BuildIndependentTargetsInParallel = 1;
				LastSwiftUpdateCheck = 1340;
				LastUpgradeCheck = 1340;
				TargetAttributes = {
					6171FABC28B6C672009EAD1C = {
						CreatedOnToolsVersion = 13.4.1;
					};
				};
			};
			buildConfigurationList = 6171FAB828B6C672009EAD1C /* Build configuration list for PBXProject "Net" */;
			compatibilityVersion = "Xcode 13.0";
			developmentRegion = en;
			hasScannedForEncodings = 0;
			knownRegions = (
				en,
				Base,
			);
			mainGroup = 6171FAB428B6C672009EAD1C;
			productRefGroup = 6171FABE28B6C672009EAD1C /* Products */;
			projectDirPath = "";
			projectRoot = "";
			targets = (
				6171FABC28B6C672009EAD1C /* Net */,
			);
		};
/* End PBXProject section */

/* Begin PBXResourcesBuildPhase section */
		6171FABB28B6C672009EAD1C /* Resources */ = {
			isa = PBXResourcesBuildPhase;
			buildActionMask = 2147483647;
			files = (
				6171FACD28B6C67B009EAD1C /* LaunchScreen.storyboard in Resources */,
				612FA7A928D7E3A60086A426 /* MoviesViewController.xib in Resources */,
				612FA7A528D7DAF70086A426 /* MainViewController.xib in Resources */,
				612FA7A128D7D9CC0086A426 /* DetailViewController.xib in Resources */,
				612FA79D28D7D8840086A426 /* MovieTableViewCell.xib in Resources */,
				6171FACA28B6C67B009EAD1C /* Assets.xcassets in Resources */,
			);
			runOnlyForDeploymentPostprocessing = 0;
		};
/* End PBXResourcesBuildPhase section */

/* Begin PBXShellScriptBuildPhase section */
		E15186BDDFA4AE9B099830DF /* [CP] Embed Pods Frameworks */ = {
			isa = PBXShellScriptBuildPhase;
			buildActionMask = 2147483647;
			files = (
			);
			inputFileListPaths = (
				"${PODS_ROOT}/Target Support Files/Pods-Net/Pods-Net-frameworks-${CONFIGURATION}-input-files.xcfilelist",
			);
			name = "[CP] Embed Pods Frameworks";
			outputFileListPaths = (
				"${PODS_ROOT}/Target Support Files/Pods-Net/Pods-Net-frameworks-${CONFIGURATION}-output-files.xcfilelist",
			);
			runOnlyForDeploymentPostprocessing = 0;
			shellPath = /bin/sh;
			shellScript = "\"${PODS_ROOT}/Target Support Files/Pods-Net/Pods-Net-frameworks.sh\"\n";
			showEnvVarsInLog = 0;
		};
		F53562DBCC1179F2A4D68A1E /* [CP] Check Pods Manifest.lock */ = {
			isa = PBXShellScriptBuildPhase;
			buildActionMask = 2147483647;
			files = (
			);
			inputFileListPaths = (
			);
			inputPaths = (
				"${PODS_PODFILE_DIR_PATH}/Podfile.lock",
				"${PODS_ROOT}/Manifest.lock",
			);
			name = "[CP] Check Pods Manifest.lock";
			outputFileListPaths = (
			);
			outputPaths = (
				"$(DERIVED_FILE_DIR)/Pods-Net-checkManifestLockResult.txt",
			);
			runOnlyForDeploymentPostprocessing = 0;
			shellPath = /bin/sh;
			shellScript = "diff \"${PODS_PODFILE_DIR_PATH}/Podfile.lock\" \"${PODS_ROOT}/Manifest.lock\" > /dev/null\nif [ $? != 0 ] ; then\n    # print error to STDERR\n    echo \"error: The sandbox is not in sync with the Podfile.lock. Run 'pod install' or update your CocoaPods installation.\" >&2\n    exit 1\nfi\n# This output is used by Xcode 'outputs' to avoid re-running this script phase.\necho \"SUCCESS\" > \"${SCRIPT_OUTPUT_FILE_0}\"\n";
			showEnvVarsInLog = 0;
		};
/* End PBXShellScriptBuildPhase section */

/* Begin PBXSourcesBuildPhase section */
		6171FAB928B6C672009EAD1C /* Sources */ = {
			isa = PBXSourcesBuildPhase;
			buildActionMask = 2147483647;
			files = (
				612FA7A828D7E3A60086A426 /* MoviesViewController.swift in Sources */,
				612FA7A028D7D9CC0086A426 /* DetailViewController.swift in Sources */,
				6171FAC528B6C672009EAD1C /* ViewController.swift in Sources */,
				612FA7A428D7DAF70086A426 /* MainViewController.swift in Sources */,
				612FA78728D7D1B50086A426 /* NetworkingProvider.swift in Sources */,
				616418D928B6DAE900C8CCAA /* MoviesModel.swift in Sources */,
				6171FAC128B6C672009EAD1C /* AppDelegate.swift in Sources */,
				6171FAC328B6C672009EAD1C /* SceneDelegate.swift in Sources */,
				612FA79C28D7D8840086A426 /* MovieTableViewCell.swift in Sources */,
				612FA78A28D7D2050086A426 /* MovieViewModel.swift in Sources */,
			);
			runOnlyForDeploymentPostprocessing = 0;
		};
/* End PBXSourcesBuildPhase section */

/* Begin PBXVariantGroup section */
		6171FACB28B6C67B009EAD1C /* LaunchScreen.storyboard */ = {
			isa = PBXVariantGroup;
			children = (
				6171FACC28B6C67B009EAD1C /* Base */,
			);
			name = LaunchScreen.storyboard;
			sourceTree = "<group>";
		};
/* End PBXVariantGroup section */

/* Begin XCBuildConfiguration section */
		6171FACF28B6C67B009EAD1C /* Debug */ = {
			isa = XCBuildConfiguration;
			buildSettings = {
				ALWAYS_SEARCH_USER_PATHS = NO;
				CLANG_ANALYZER_NONNULL = YES;
				CLANG_ANALYZER_NUMBER_OBJECT_CONVERSION = YES_AGGRESSIVE;
				CLANG_CXX_LANGUAGE_STANDARD = "gnu++17";
				CLANG_ENABLE_MODULES = YES;
				CLANG_ENABLE_OBJC_ARC = YES;
				CLANG_ENABLE_OBJC_WEAK = YES;
				CLANG_WARN_BLOCK_CAPTURE_AUTORELEASING = YES;
				CLANG_WARN_BOOL_CONVERSION = YES;
				CLANG_WARN_COMMA = YES;
				CLANG_WARN_CONSTANT_CONVERSION = YES;
				CLANG_WARN_DEPRECATED_OBJC_IMPLEMENTATIONS = YES;
				CLANG_WARN_DIRECT_OBJC_ISA_USAGE = YES_ERROR;
				CLANG_WARN_DOCUMENTATION_COMMENTS = YES;
				CLANG_WARN_EMPTY_BODY = YES;
				CLANG_WARN_ENUM_CONVERSION = YES;
				CLANG_WARN_INFINITE_RECURSION = YES;
				CLANG_WARN_INT_CONVERSION = YES;
				CLANG_WARN_NON_LITERAL_NULL_CONVERSION = YES;
				CLANG_WARN_OBJC_IMPLICIT_RETAIN_SELF = YES;
				CLANG_WARN_OBJC_LITERAL_CONVERSION = YES;
				CLANG_WARN_OBJC_ROOT_CLASS = YES_ERROR;
				CLANG_WARN_QUOTED_INCLUDE_IN_FRAMEWORK_HEADER = YES;
				CLANG_WARN_RANGE_LOOP_ANALYSIS = YES;
				CLANG_WARN_STRICT_PROTOTYPES = YES;
				CLANG_WARN_SUSPICIOUS_MOVE = YES;
				CLANG_WARN_UNGUARDED_AVAILABILITY = YES_AGGRESSIVE;
				CLANG_WARN_UNREACHABLE_CODE = YES;
				CLANG_WARN__DUPLICATE_METHOD_MATCH = YES;
				COPY_PHASE_STRIP = NO;
				DEBUG_INFORMATION_FORMAT = dwarf;
				ENABLE_STRICT_OBJC_MSGSEND = YES;
				ENABLE_TESTABILITY = YES;
				GCC_C_LANGUAGE_STANDARD = gnu11;
				GCC_DYNAMIC_NO_PIC = NO;
				GCC_NO_COMMON_BLOCKS = YES;
				GCC_OPTIMIZATION_LEVEL = 0;
				GCC_PREPROCESSOR_DEFINITIONS = (
					"DEBUG=1",
					"$(inherited)",
				);
				GCC_WARN_64_TO_32_BIT_CONVERSION = YES;
				GCC_WARN_ABOUT_RETURN_TYPE = YES_ERROR;
				GCC_WARN_UNDECLARED_SELECTOR = YES;
				GCC_WARN_UNINITIALIZED_AUTOS = YES_AGGRESSIVE;
				GCC_WARN_UNUSED_FUNCTION = YES;
				GCC_WARN_UNUSED_VARIABLE = YES;
				IPHONEOS_DEPLOYMENT_TARGET = 15.5;
				MTL_ENABLE_DEBUG_INFO = INCLUDE_SOURCE;
				MTL_FAST_MATH = YES;
				ONLY_ACTIVE_ARCH = YES;
				SDKROOT = iphoneos;
				SWIFT_ACTIVE_COMPILATION_CONDITIONS = DEBUG;
				SWIFT_OPTIMIZATION_LEVEL = "-Onone";
			};
			name = Debug;
		};
		6171FAD028B6C67B009EAD1C /* Release */ = {
			isa = XCBuildConfiguration;
			buildSettings = {
				ALWAYS_SEARCH_USER_PATHS = NO;
				CLANG_ANALYZER_NONNULL = YES;
				CLANG_ANALYZER_NUMBER_OBJECT_CONVERSION = YES_AGGRESSIVE;
				CLANG_CXX_LANGUAGE_STANDARD = "gnu++17";
				CLANG_ENABLE_MODULES = YES;
				CLANG_ENABLE_OBJC_ARC = YES;
				CLANG_ENABLE_OBJC_WEAK = YES;
				CLANG_WARN_BLOCK_CAPTURE_AUTORELEASING = YES;
				CLANG_WARN_BOOL_CONVERSION = YES;
				CLANG_WARN_COMMA = YES;
				CLANG_WARN_CONSTANT_CONVERSION = YES;
				CLANG_WARN_DEPRECATED_OBJC_IMPLEMENTATIONS = YES;
				CLANG_WARN_DIRECT_OBJC_ISA_USAGE = YES_ERROR;
				CLANG_WARN_DOCUMENTATION_COMMENTS = YES;
				CLANG_WARN_EMPTY_BODY = YES;
				CLANG_WARN_ENUM_CONVERSION = YES;
				CLANG_WARN_INFINITE_RECURSION = YES;
				CLANG_WARN_INT_CONVERSION = YES;
				CLANG_WARN_NON_LITERAL_NULL_CONVERSION = YES;
				CLANG_WARN_OBJC_IMPLICIT_RETAIN_SELF = YES;
				CLANG_WARN_OBJC_LITERAL_CONVERSION = YES;
				CLANG_WARN_OBJC_ROOT_CLASS = YES_ERROR;
				CLANG_WARN_QUOTED_INCLUDE_IN_FRAMEWORK_HEADER = YES;
				CLANG_WARN_RANGE_LOOP_ANALYSIS = YES;
				CLANG_WARN_STRICT_PROTOTYPES = YES;
				CLANG_WARN_SUSPICIOUS_MOVE = YES;
				CLANG_WARN_UNGUARDED_AVAILABILITY = YES_AGGRESSIVE;
				CLANG_WARN_UNREACHABLE_CODE = YES;
				CLANG_WARN__DUPLICATE_METHOD_MATCH = YES;
				COPY_PHASE_STRIP = NO;
				DEBUG_INFORMATION_FORMAT = "dwarf-with-dsym";
				ENABLE_NS_ASSERTIONS = NO;
				ENABLE_STRICT_OBJC_MSGSEND = YES;
				GCC_C_LANGUAGE_STANDARD = gnu11;
				GCC_NO_COMMON_BLOCKS = YES;
				GCC_WARN_64_TO_32_BIT_CONVERSION = YES;
				GCC_WARN_ABOUT_RETURN_TYPE = YES_ERROR;
				GCC_WARN_UNDECLARED_SELECTOR = YES;
				GCC_WARN_UNINITIALIZED_AUTOS = YES_AGGRESSIVE;
				GCC_WARN_UNUSED_FUNCTION = YES;
				GCC_WARN_UNUSED_VARIABLE = YES;
				IPHONEOS_DEPLOYMENT_TARGET = 15.5;
				MTL_ENABLE_DEBUG_INFO = NO;
				MTL_FAST_MATH = YES;
				SDKROOT = iphoneos;
				SWIFT_COMPILATION_MODE = wholemodule;
				SWIFT_OPTIMIZATION_LEVEL = "-O";
				VALIDATE_PRODUCT = YES;
			};
			name = Release;
		};
		6171FAD228B6C67B009EAD1C /* Debug */ = {
			isa = XCBuildConfiguration;
			baseConfigurationReference = C690AF92F982E5D7CABAF1AA /* Pods-Net.debug.xcconfig */;
			buildSettings = {
				ASSETCATALOG_COMPILER_APPICON_NAME = AppIcon;
				ASSETCATALOG_COMPILER_GLOBAL_ACCENT_COLOR_NAME = AccentColor;
				CODE_SIGN_STYLE = Automatic;
				CURRENT_PROJECT_VERSION = 1;
				DEVELOPMENT_TEAM = 45Y77HXG9H;
				GENERATE_INFOPLIST_FILE = YES;
				INFOPLIST_FILE = Net/Info.plist;
				INFOPLIST_KEY_UIApplicationSupportsIndirectInputEvents = YES;
				INFOPLIST_KEY_UILaunchStoryboardName = LaunchScreen;
				INFOPLIST_KEY_UISupportedInterfaceOrientations_iPad = "UIInterfaceOrientationPortrait UIInterfaceOrientationPortraitUpsideDown UIInterfaceOrientationLandscapeLeft UIInterfaceOrientationLandscapeRight";
				INFOPLIST_KEY_UISupportedInterfaceOrientations_iPhone = "UIInterfaceOrientationPortrait UIInterfaceOrientationLandscapeLeft UIInterfaceOrientationLandscapeRight";
				LD_RUNPATH_SEARCH_PATHS = (
					"$(inherited)",
					"@executable_path/Frameworks",
				);
				MARKETING_VERSION = 1.0;
				PRODUCT_BUNDLE_IDENTIFIER = com.Net;
				PRODUCT_NAME = "$(TARGET_NAME)";
				SWIFT_EMIT_LOC_STRINGS = YES;
				SWIFT_VERSION = 5.0;
				TARGETED_DEVICE_FAMILY = "1,2";
			};
			name = Debug;
		};
		6171FAD328B6C67B009EAD1C /* Release */ = {
			isa = XCBuildConfiguration;
			baseConfigurationReference = C3121DDF0B9B16026C1A8521 /* Pods-Net.release.xcconfig */;
			buildSettings = {
				ASSETCATALOG_COMPILER_APPICON_NAME = AppIcon;
				ASSETCATALOG_COMPILER_GLOBAL_ACCENT_COLOR_NAME = AccentColor;
				CODE_SIGN_STYLE = Automatic;
				CURRENT_PROJECT_VERSION = 1;
				DEVELOPMENT_TEAM = 45Y77HXG9H;
				GENERATE_INFOPLIST_FILE = YES;
				INFOPLIST_FILE = Net/Info.plist;
				INFOPLIST_KEY_UIApplicationSupportsIndirectInputEvents = YES;
				INFOPLIST_KEY_UILaunchStoryboardName = LaunchScreen;
				INFOPLIST_KEY_UISupportedInterfaceOrientations_iPad = "UIInterfaceOrientationPortrait UIInterfaceOrientationPortraitUpsideDown UIInterfaceOrientationLandscapeLeft UIInterfaceOrientationLandscapeRight";
				INFOPLIST_KEY_UISupportedInterfaceOrientations_iPhone = "UIInterfaceOrientationPortrait UIInterfaceOrientationLandscapeLeft UIInterfaceOrientationLandscapeRight";
				LD_RUNPATH_SEARCH_PATHS = (
					"$(inherited)",
					"@executable_path/Frameworks",
				);
				MARKETING_VERSION = 1.0;
				PRODUCT_BUNDLE_IDENTIFIER = com.Net;
				PRODUCT_NAME = "$(TARGET_NAME)";
				SWIFT_EMIT_LOC_STRINGS = YES;
				SWIFT_VERSION = 5.0;
				TARGETED_DEVICE_FAMILY = "1,2";
			};
			name = Release;
		};
/* End XCBuildConfiguration section */

/* Begin XCConfigurationList section */
		6171FAB828B6C672009EAD1C /* Build configuration list for PBXProject "Net" */ = {
			isa = XCConfigurationList;
			buildConfigurations = (
				6171FACF28B6C67B009EAD1C /* Debug */,
				6171FAD028B6C67B009EAD1C /* Release */,
			);
			defaultConfigurationIsVisible = 0;
			defaultConfigurationName = Release;
		};
		6171FAD128B6C67B009EAD1C /* Build configuration list for PBXNativeTarget "Net" */ = {
			isa = XCConfigurationList;
			buildConfigurations = (
				6171FAD228B6C67B009EAD1C /* Debug */,
				6171FAD328B6C67B009EAD1C /* Release */,
			);
			defaultConfigurationIsVisible = 0;
			defaultConfigurationName = Release;
		};
/* End XCConfigurationList section */
	};
	rootObject = 6171FAB528B6C672009EAD1C /* Project object */;
}
